
Microsoft Visual Studio Solution File, Format Version 12.00
# Visual Studio Version 16
VisualStudioVersion = 16.0.30517.126
MinimumVisualStudioVersion = 10.0.40219.1
Project("{9A19103F-16F7-4668-BE54-9A1E7A4F7556}") = "MoonPhase.Client", "MoonPhase.Client\MoonPhase.Client.csproj", "{9B267A96-522C-40F1-8696-E938C87853E8}"
EndProject
Global
	GlobalSection(SolutionConfigurationPlatforms) = preSolution
		Debug|Any CPU = Debug|Any CPU
		Release|Any CPU = Release|Any CPU
	EndGlobalSection
	GlobalSection(ProjectConfigurationPlatforms) = postSolution
		{9B267A96-522C-40F1-8696-E938C87853E8}.Debug|Any CPU.ActiveCfg = Debug|Any CPU
		{9B267A96-522C-40F1-8696-E938C87853E8}.Debug|Any CPU.Build.0 = Debug|Any CPU
		{9B267A96-522C-40F1-8696-E938C87853E8}.Release|Any CPU.ActiveCfg = Release|Any CPU
		{9B267A96-522C-40F1-8696-E938C87853E8}.Release|Any CPU.Build.0 = Release|Any CPU
	EndGlobalSection
	GlobalSection(SolutionProperties) = preSolution
		HideSolutionNode = FALSE
	EndGlobalSection
	GlobalSection(ExtensibilityGlobals) = postSolution
		SolutionGuid = {ABFD013A-5598-44FA-87D3-BA42F02917F6}
	EndGlobalSection
EndGlobal
